
Microsoft Visual Studio Solution File, Format Version 12.00
# Visual Studio Version 17
VisualStudioVersion = 17.0.31903.59
MinimumVisualStudioVersion = 10.0.40219.1
Project("{FAE04EC0-301F-11D3-BF4B-00C04F79EFBC}") = "AppLocate.Core", "src\AppLocate.Core\AppLocate.Core.csproj", "{5F2C3A6E-4C63-4F23-8E4B-5F7EB517C9B0}"
EndProject
Project("{FAE04EC0-301F-11D3-BF4B-00C04F79EFBC}") = "AppLocate.Cli", "src\AppLocate.Cli\AppLocate.Cli.csproj", "{2E1E9E2B-5A2E-43C3-9C46-4F62AE8B4C42}"
EndProject
Project("{FAE04EC0-301F-11D3-BF4B-00C04F79EFBC}") = "AppLocate.Core.Tests", "tests\AppLocate.Core.Tests\AppLocate.Core.Tests.csproj", "{18C6B996-38B1-4D82-9AEB-0095220265F1}"
EndProject
Project("{FAE04EC0-301F-11D3-BF4B-00C04F79EFBC}") = "AppLocate.Cli.Tests", "tests\AppLocate.Cli.Tests\AppLocate.Cli.Tests.csproj", "{8A5C3D18-9A1E-4E0A-A9DF-0D1A21E3A2BA}"
EndProject
Global
	GlobalSection(SolutionConfigurationPlatforms) = preSolution
		Debug|Any CPU = Debug|Any CPU
		Release|Any CPU = Release|Any CPU
	EndGlobalSection
	GlobalSection(ProjectConfigurationPlatforms) = postSolution
		{5F2C3A6E-4C63-4F23-8E4B-5F7EB517C9B0}.Debug|Any CPU.ActiveCfg = Debug|Any CPU
		{5F2C3A6E-4C63-4F23-8E4B-5F7EB517C9B0}.Debug|Any CPU.Build.0 = Debug|Any CPU
		{5F2C3A6E-4C63-4F23-8E4B-5F7EB517C9B0}.Release|Any CPU.ActiveCfg = Release|Any CPU
		{5F2C3A6E-4C63-4F23-8E4B-5F7EB517C9B0}.Release|Any CPU.Build.0 = Release|Any CPU
		{2E1E9E2B-5A2E-43C3-9C46-4F62AE8B4C42}.Debug|Any CPU.ActiveCfg = Debug|Any CPU
		{2E1E9E2B-5A2E-43C3-9C46-4F62AE8B4C42}.Debug|Any CPU.Build.0 = Debug|Any CPU
		{2E1E9E2B-5A2E-43C3-9C46-4F62AE8B4C42}.Release|Any CPU.ActiveCfg = Release|Any CPU
		{2E1E9E2B-5A2E-43C3-9C46-4F62AE8B4C42}.Release|Any CPU.Build.0 = Release|Any CPU
		{18C6B996-38B1-4D82-9AEB-0095220265F1}.Debug|Any CPU.ActiveCfg = Debug|Any CPU
		{18C6B996-38B1-4D82-9AEB-0095220265F1}.Debug|Any CPU.Build.0 = Debug|Any CPU
		{18C6B996-38B1-4D82-9AEB-0095220265F1}.Release|Any CPU.ActiveCfg = Release|Any CPU
		{18C6B996-38B1-4D82-9AEB-0095220265F1}.Release|Any CPU.Build.0 = Release|Any CPU
		{8A5C3D18-9A1E-4E0A-A9DF-0D1A21E3A2BA}.Debug|Any CPU.ActiveCfg = Debug|Any CPU
		{8A5C3D18-9A1E-4E0A-A9DF-0D1A21E3A2BA}.Debug|Any CPU.Build.0 = Debug|Any CPU
		{8A5C3D18-9A1E-4E0A-A9DF-0D1A21E3A2BA}.Release|Any CPU.ActiveCfg = Release|Any CPU
		{8A5C3D18-9A1E-4E0A-A9DF-0D1A21E3A2BA}.Release|Any CPU.Build.0 = Release|Any CPU
	EndGlobalSection
	GlobalSection(SolutionProperties) = preSolution
		HideSolutionNode = FALSE
	EndGlobalSection
EndGlobal
